
Microsoft Visual Studio Solution File, Format Version 12.00
# Visual Studio 15
VisualStudioVersion = 15.0.28307.1401
MinimumVisualStudioVersion = 10.0.40219.1
Project("{FAE04EC0-301F-11D3-BF4B-00C04F79EFBC}") = "PONGJS", "PONGJS\PONGJS.csproj", "{54E1AE90-B4AC-46FD-BA9A-7851EEEC655C}"
EndProject
Global
	GlobalSection(SolutionConfigurationPlatforms) = preSolution
		Debug|Any CPU = Debug|Any CPU
		Release|Any CPU = Release|Any CPU
	EndGlobalSection
	GlobalSection(ProjectConfigurationPlatforms) = postSolution
		{54E1AE90-B4AC-46FD-BA9A-7851EEEC655C}.Debug|Any CPU.ActiveCfg = Debug|Any CPU
		{54E1AE90-B4AC-46FD-BA9A-7851EEEC655C}.Debug|Any CPU.Build.0 = Debug|Any CPU
		{54E1AE90-B4AC-46FD-BA9A-7851EEEC655C}.Release|Any CPU.ActiveCfg = Release|Any CPU
		{54E1AE90-B4AC-46FD-BA9A-7851EEEC655C}.Release|Any CPU.Build.0 = Release|Any CPU
	EndGlobalSection
	GlobalSection(SolutionProperties) = preSolution
		HideSolutionNode = FALSE
	EndGlobalSection
	GlobalSection(ExtensibilityGlobals) = postSolution
		SolutionGuid = {478C9272-6B9F-4F75-9BDD-3913899A6931}
	EndGlobalSection
EndGlobal
